
Microsoft Visual Studio Solution File, Format Version 11.00
# Visual Studio 2010
Project("{2150E333-8FDC-42A3-9474-1A3956D46DE8}") = "Examples", "Examples", "{9D80C91B-68FF-4E26-9454-9EF0B591CA7A}"
EndProject
Project("{2150E333-8FDC-42A3-9474-1A3956D46DE8}") = "Documentation", "Documentation", "{D09FE95F-1CEE-4FB4-B22B-8FB14E1A5568}"
EndProject
Project("{2150E333-8FDC-42A3-9474-1A3956D46DE8}") = "Doxygen", "Doxygen", "{6F34025D-FEA3-4083-A268-9AD04D1D4EB9}"
	ProjectSection(SolutionItems) = preProject
		Documentation\Doxygen\Doxyfile = Documentation\Doxygen\Doxyfile
		Documentation\Doxygen\DoxygenFooter.htm = Documentation\Doxygen\DoxygenFooter.htm
		Documentation\Doxygen\DoxygenMainPage.txt = Documentation\Doxygen\DoxygenMainPage.txt
	EndProjectSection
EndProject
Project("{2150E333-8FDC-42A3-9474-1A3956D46DE8}") = "WorkingWith", "WorkingWith", "{82782197-8C8E-4442-8847-25326A7095BB}"
	ProjectSection(SolutionItems) = preProject
		Documentation\WorkingWith\WorkingWithNorthStateFrameworkInC#.doc = Documentation\WorkingWith\WorkingWithNorthStateFrameworkInC#.doc
		Documentation\WorkingWith\WorkingWithNorthStateFrameworkinC#.pdf = Documentation\WorkingWith\WorkingWithNorthStateFrameworkinC#.pdf
		Documentation\WorkingWith\WorkingWithNorthStateFrameworkInC#.vsd = Documentation\WorkingWith\WorkingWithNorthStateFrameworkInC#.vsd
	EndProjectSection
EndProject
Project("{2150E333-8FDC-42A3-9474-1A3956D46DE8}") = "Framework", "Framework", "{23387421-5C5F-4BAF-9378-03678AC7FF85}"
EndProject
Project("{2150E333-8FDC-42A3-9474-1A3956D46DE8}") = "Test", "Test", "{E41394DC-67C3-46FF-8F68-99C38CFEC4BE}"
EndProject
Project("{2150E333-8FDC-42A3-9474-1A3956D46DE8}") = "ReleaseNotes", "ReleaseNotes", "{A404DD46-8EE5-41D1-A487-3372BC480D9F}"
	ProjectSection(SolutionItems) = preProject
		Documentation\ReleaseNotes\North State Framework In C#, Release Notes, V2.0.doc = Documentation\ReleaseNotes\North State Framework In C#, Release Notes, V2.0.doc
		Documentation\ReleaseNotes\North State Framework In C#, Release Notes, V2.0.pdf = Documentation\ReleaseNotes\North State Framework In C#, Release Notes, V2.0.pdf
	EndProjectSection
EndProject
Project("{FAE04EC0-301F-11D3-BF4B-00C04F79EFBC}") = "CombatExample", "Examples\CombatExample\CombatExample.csproj", "{57CBFAD3-4A82-414F-852C-879677C510ED}"
	ProjectSection(ProjectDependencies) = postProject
		{3BDD586C-AC27-41D3-A507-2A5692D93E29} = {3BDD586C-AC27-41D3-A507-2A5692D93E29}
	EndProjectSection
EndProject
Project("{FAE04EC0-301F-11D3-BF4B-00C04F79EFBC}") = "CommandProcessorExample", "Examples\CommandProcessorExample\CommandProcessorExample.csproj", "{C8D356E5-43DE-46FF-9F9B-10B6911478E9}"
	ProjectSection(ProjectDependencies) = postProject
		{3BDD586C-AC27-41D3-A507-2A5692D93E29} = {3BDD586C-AC27-41D3-A507-2A5692D93E29}
	EndProjectSection
EndProject
Project("{FAE04EC0-301F-11D3-BF4B-00C04F79EFBC}") = "CycleABExample", "Examples\CycleABExample\CycleABExample.csproj", "{1339788A-3BCF-4B81-9B52-67CA6442019C}"
	ProjectSection(ProjectDependencies) = postProject
		{3BDD586C-AC27-41D3-A507-2A5692D93E29} = {3BDD586C-AC27-41D3-A507-2A5692D93E29}
	EndProjectSection
EndProject
Project("{FAE04EC0-301F-11D3-BF4B-00C04F79EFBC}") = "CommandProcessorWithResetStrategyExample", "Examples\CommandProcessorWithResetStrategyExample\CommandProcessorWithResetStrategyExample.csproj", "{1FE00AB3-D964-4453-B1A0-5354480419BF}"
	ProjectSection(ProjectDependencies) = postProject
		{3BDD586C-AC27-41D3-A507-2A5692D93E29} = {3BDD586C-AC27-41D3-A507-2A5692D93E29}
	EndProjectSection
EndProject
Project("{FAE04EC0-301F-11D3-BF4B-00C04F79EFBC}") = "CommandProcessorWithResetStateMachineExample", "Examples\CommandProcessorWithResetStateMachineExample\CommandProcessorWithResetStateMachineExample.csproj", "{00AFC3EA-D1DD-471C-A3FD-B8E904452B11}"
	ProjectSection(ProjectDependencies) = postProject
		{3BDD586C-AC27-41D3-A507-2A5692D93E29} = {3BDD586C-AC27-41D3-A507-2A5692D93E29}
	EndProjectSection
EndProject
Project("{FAE04EC0-301F-11D3-BF4B-00C04F79EFBC}") = "WorkHardPlayHardExample", "Examples\WorkHardPlayHardExample\WorkHardPlayHardExample.csproj", "{9A312DA4-A6AC-4574-8A54-077D70C0D08D}"
	ProjectSection(ProjectDependencies) = postProject
		{3BDD586C-AC27-41D3-A507-2A5692D93E29} = {3BDD586C-AC27-41D3-A507-2A5692D93E29}
	EndProjectSection
EndProject
Project("{FAE04EC0-301F-11D3-BF4B-00C04F79EFBC}") = "NorthStateFramework", "Framework\NorthStateFramework.csproj", "{3BDD586C-AC27-41D3-A507-2A5692D93E29}"
EndProject
Project("{FAE04EC0-301F-11D3-BF4B-00C04F79EFBC}") = "Test", "Test\Test.csproj", "{2E2DE33E-F92F-4EDF-AE4D-EE4CB1CF1FEE}"
	ProjectSection(ProjectDependencies) = postProject
		{3BDD586C-AC27-41D3-A507-2A5692D93E29} = {3BDD586C-AC27-41D3-A507-2A5692D93E29}
	EndProjectSection
EndProject
Project("{FAE04EC0-301F-11D3-BF4B-00C04F79EFBC}") = "CommandProcessorWithRetryExample", "Examples\CommandProcessorWithRetryExample\CommandProcessorWithRetryExample.csproj", "{FEE3A2E4-8FD6-4C4E-B985-6038A6143D59}"
EndProject
Project("{8BC9CEB8-8B4A-11D0-8D11-00A0C91BC942}") = "Documentation", "Documentation\Documentation.vcxproj", "{A9F45575-0344-4C27-8A34-4DB43A20D17F}"
EndProject
Global
	GlobalSection(SolutionConfigurationPlatforms) = preSolution
		Debug|Any CPU = Debug|Any CPU
		Release|Any CPU = Release|Any CPU
	EndGlobalSection
	GlobalSection(ProjectConfigurationPlatforms) = postSolution
		{57CBFAD3-4A82-414F-852C-879677C510ED}.Debug|Any CPU.ActiveCfg = Debug|Any CPU
		{57CBFAD3-4A82-414F-852C-879677C510ED}.Debug|Any CPU.Build.0 = Debug|Any CPU
		{57CBFAD3-4A82-414F-852C-879677C510ED}.Release|Any CPU.ActiveCfg = Release|Any CPU
		{57CBFAD3-4A82-414F-852C-879677C510ED}.Release|Any CPU.Build.0 = Release|Any CPU
		{C8D356E5-43DE-46FF-9F9B-10B6911478E9}.Debug|Any CPU.ActiveCfg = Debug|Any CPU
		{C8D356E5-43DE-46FF-9F9B-10B6911478E9}.Debug|Any CPU.Build.0 = Debug|Any CPU
		{C8D356E5-43DE-46FF-9F9B-10B6911478E9}.Release|Any CPU.ActiveCfg = Release|Any CPU
		{C8D356E5-43DE-46FF-9F9B-10B6911478E9}.Release|Any CPU.Build.0 = Release|Any CPU
		{1339788A-3BCF-4B81-9B52-67CA6442019C}.Debug|Any CPU.ActiveCfg = Debug|Any CPU
		{1339788A-3BCF-4B81-9B52-67CA6442019C}.Debug|Any CPU.Build.0 = Debug|Any CPU
		{1339788A-3BCF-4B81-9B52-67CA6442019C}.Release|Any CPU.ActiveCfg = Release|Any CPU
		{1339788A-3BCF-4B81-9B52-67CA6442019C}.Release|Any CPU.Build.0 = Release|Any CPU
		{1FE00AB3-D964-4453-B1A0-5354480419BF}.Debug|Any CPU.ActiveCfg = Debug|Any CPU
		{1FE00AB3-D964-4453-B1A0-5354480419BF}.Debug|Any CPU.Build.0 = Debug|Any CPU
		{1FE00AB3-D964-4453-B1A0-5354480419BF}.Release|Any CPU.ActiveCfg = Release|Any CPU
		{1FE00AB3-D964-4453-B1A0-5354480419BF}.Release|Any CPU.Build.0 = Release|Any CPU
		{00AFC3EA-D1DD-471C-A3FD-B8E904452B11}.Debug|Any CPU.ActiveCfg = Debug|Any CPU
		{00AFC3EA-D1DD-471C-A3FD-B8E904452B11}.Debug|Any CPU.Build.0 = Debug|Any CPU
		{00AFC3EA-D1DD-471C-A3FD-B8E904452B11}.Release|Any CPU.ActiveCfg = Release|Any CPU
		{00AFC3EA-D1DD-471C-A3FD-B8E904452B11}.Release|Any CPU.Build.0 = Release|Any CPU
		{9A312DA4-A6AC-4574-8A54-077D70C0D08D}.Debug|Any CPU.ActiveCfg = Debug|Any CPU
		{9A312DA4-A6AC-4574-8A54-077D70C0D08D}.Debug|Any CPU.Build.0 = Debug|Any CPU
		{9A312DA4-A6AC-4574-8A54-077D70C0D08D}.Release|Any CPU.ActiveCfg = Release|Any CPU
		{9A312DA4-A6AC-4574-8A54-077D70C0D08D}.Release|Any CPU.Build.0 = Release|Any CPU
		{3BDD586C-AC27-41D3-A507-2A5692D93E29}.Debug|Any CPU.ActiveCfg = Debug|Any CPU
		{3BDD586C-AC27-41D3-A507-2A5692D93E29}.Debug|Any CPU.Build.0 = Debug|Any CPU
		{3BDD586C-AC27-41D3-A507-2A5692D93E29}.Release|Any CPU.ActiveCfg = Release|Any CPU
		{3BDD586C-AC27-41D3-A507-2A5692D93E29}.Release|Any CPU.Build.0 = Release|Any CPU
		{2E2DE33E-F92F-4EDF-AE4D-EE4CB1CF1FEE}.Debug|Any CPU.ActiveCfg = Debug|Any CPU
		{2E2DE33E-F92F-4EDF-AE4D-EE4CB1CF1FEE}.Debug|Any CPU.Build.0 = Debug|Any CPU
		{2E2DE33E-F92F-4EDF-AE4D-EE4CB1CF1FEE}.Release|Any CPU.ActiveCfg = Release|Any CPU
		{2E2DE33E-F92F-4EDF-AE4D-EE4CB1CF1FEE}.Release|Any CPU.Build.0 = Release|Any CPU
		{FEE3A2E4-8FD6-4C4E-B985-6038A6143D59}.Debug|Any CPU.ActiveCfg = Debug|Any CPU
		{FEE3A2E4-8FD6-4C4E-B985-6038A6143D59}.Debug|Any CPU.Build.0 = Debug|Any CPU
		{FEE3A2E4-8FD6-4C4E-B985-6038A6143D59}.Release|Any CPU.ActiveCfg = Release|Any CPU
		{FEE3A2E4-8FD6-4C4E-B985-6038A6143D59}.Release|Any CPU.Build.0 = Release|Any CPU
		{A9F45575-0344-4C27-8A34-4DB43A20D17F}.Debug|Any CPU.ActiveCfg = Debug|Win32
		{A9F45575-0344-4C27-8A34-4DB43A20D17F}.Release|Any CPU.ActiveCfg = Release|Win32
	EndGlobalSection
	GlobalSection(SolutionProperties) = preSolution
		HideSolutionNode = FALSE
	EndGlobalSection
	GlobalSection(NestedProjects) = preSolution
		{57CBFAD3-4A82-414F-852C-879677C510ED} = {9D80C91B-68FF-4E26-9454-9EF0B591CA7A}
		{C8D356E5-43DE-46FF-9F9B-10B6911478E9} = {9D80C91B-68FF-4E26-9454-9EF0B591CA7A}
		{1339788A-3BCF-4B81-9B52-67CA6442019C} = {9D80C91B-68FF-4E26-9454-9EF0B591CA7A}
		{1FE00AB3-D964-4453-B1A0-5354480419BF} = {9D80C91B-68FF-4E26-9454-9EF0B591CA7A}
		{00AFC3EA-D1DD-471C-A3FD-B8E904452B11} = {9D80C91B-68FF-4E26-9454-9EF0B591CA7A}
		{9A312DA4-A6AC-4574-8A54-077D70C0D08D} = {9D80C91B-68FF-4E26-9454-9EF0B591CA7A}
		{FEE3A2E4-8FD6-4C4E-B985-6038A6143D59} = {9D80C91B-68FF-4E26-9454-9EF0B591CA7A}
		{6F34025D-FEA3-4083-A268-9AD04D1D4EB9} = {D09FE95F-1CEE-4FB4-B22B-8FB14E1A5568}
		{82782197-8C8E-4442-8847-25326A7095BB} = {D09FE95F-1CEE-4FB4-B22B-8FB14E1A5568}
		{A404DD46-8EE5-41D1-A487-3372BC480D9F} = {D09FE95F-1CEE-4FB4-B22B-8FB14E1A5568}
		{A9F45575-0344-4C27-8A34-4DB43A20D17F} = {D09FE95F-1CEE-4FB4-B22B-8FB14E1A5568}
		{3BDD586C-AC27-41D3-A507-2A5692D93E29} = {23387421-5C5F-4BAF-9378-03678AC7FF85}
		{2E2DE33E-F92F-4EDF-AE4D-EE4CB1CF1FEE} = {E41394DC-67C3-46FF-8F68-99C38CFEC4BE}
	EndGlobalSection
EndGlobal
